// !$*UTF8*$!
{
	archiveVersion = 1;
	classes = {
	};
	objectVersion = 56;
	objects = {

/* Begin PBXBuildFile section */
		9397FEA0DBE9FFD102A5950F /* NoktaStudioApp.swift in Sources */ = {isa = PBXBuildFile; fileRef = 753E68B7B4953F70C848178A /* NoktaStudioApp.swift */; };
		AB61B9B599B9180919DF2DA6 /* ConsultarAlertasIntent.swift in Sources */ = {isa = PBXBuildFile; fileRef = 858048089CEAD4965706E81B /* ConsultarAlertasIntent.swift */; };
		6C1B6451DCFBFBCA07990364 /* ConsultarSaldoIntent.swift in Sources */ = {isa = PBXBuildFile; fileRef = 07EC58114CA7D5F292B71FD0 /* ConsultarSaldoIntent.swift */; };
		F7506ED16F5A315A651AACEE /* MarcarTrabajoPagadoIntent.swift in Sources */ = {isa = PBXBuildFile; fileRef = 64942DCA51D11F10186D6145 /* MarcarTrabajoPagadoIntent.swift */; };
		BD8860F27899C93740308AC4 /* NoktaShortcuts.swift in Sources */ = {isa = PBXBuildFile; fileRef = 0DAEDB860F1CBF121B240F3B /* NoktaShortcuts.swift */; };
		F271DA5C6FD3758481A46E0E /* RegistrarGastoIntent.swift in Sources */ = {isa = PBXBuildFile; fileRef = B72479151E32C5EB7E9D6991 /* RegistrarGastoIntent.swift */; };
		AE64043F81A1273A485D77FB /* RegistrarPagoQuincenaIntent.swift in Sources */ = {isa = PBXBuildFile; fileRef = 1160DB7241FD8F41E4E4ED28 /* RegistrarPagoQuincenaIntent.swift */; };
		2CF199BCCE5FA20FD882EE4E /* AssistantView.swift in Sources */ = {isa = PBXBuildFile; fileRef = 5FC409B385F5212B5029A38D /* AssistantView.swift */; };
		FEEC2077D8D9D2981ABC75CE /* AssistantViewModel.swift in Sources */ = {isa = PBXBuildFile; fileRef = 1394EADB007D0E620DA32187 /* AssistantViewModel.swift */; };
		073EDAEB78CC5AABD638B868 /* CookieSync.swift in Sources */ = {isa = PBXBuildFile; fileRef = 751561F8F0E2C02DF152640B /* CookieSync.swift */; };
		61E623B32794DB3F0925C011 /* NoktaAPI.swift in Sources */ = {isa = PBXBuildFile; fileRef = 6745B2EA3513D45539F64210 /* NoktaAPI.swift */; };
		F62C1948A394196C83300D72 /* PDFPreviewView.swift in Sources */ = {isa = PBXBuildFile; fileRef = C9463634CD2DA67DD57D9E98 /* PDFPreviewView.swift */; };
		CB96D4EC6629E5F6CD037BD8 /* PDFRenderer.swift in Sources */ = {isa = PBXBuildFile; fileRef = 0E40A46AAE4902C8C42F04D6 /* PDFRenderer.swift */; };
		9DEA7FCEEF33A2ACC1D82CA6 /* PDFTemplates.swift in Sources */ = {isa = PBXBuildFile; fileRef = 594CFFCAD36731E896892538 /* PDFTemplates.swift */; };
		141309C1CB8E5F9BC3B026BA /* CambiarEstadoClienteTool.swift in Sources */ = {isa = PBXBuildFile; fileRef = 9E84E455F10E06F1D2096901 /* CambiarEstadoClienteTool.swift */; };
		F4C66DEF5D85EAC58B01AA70 /* ConsultarAlertasTool.swift in Sources */ = {isa = PBXBuildFile; fileRef = 08A99BF681144F42507A2111 /* ConsultarAlertasTool.swift */; };
		FC2029F6DD001773CB206F3D /* ConsultarClientesTool.swift in Sources */ = {isa = PBXBuildFile; fileRef = 0637902F49B83A0774A27133 /* ConsultarClientesTool.swift */; };
		B52F8639E63419049C439C1F /* ConsultarGastosTool.swift in Sources */ = {isa = PBXBuildFile; fileRef = 9DF5A84CAF7620594C1E5E89 /* ConsultarGastosTool.swift */; };
		CE4E8F4B42CAC9A4E5785F57 /* ConsultarTrabajosTool.swift in Sources */ = {isa = PBXBuildFile; fileRef = 4D9225E5685B0871020A1BC9 /* ConsultarTrabajosTool.swift */; };
		6C33188F9EA710C38B68770A /* CrearClienteTool.swift in Sources */ = {isa = PBXBuildFile; fileRef = 59EB51D589C0CA23A0CE2228 /* CrearClienteTool.swift */; };
		163CA139EE79909E5BAA4ABF /* CrearDocumentoTool.swift in Sources */ = {isa = PBXBuildFile; fileRef = D96DF76C7C394D47E2AA9658 /* CrearDocumentoTool.swift */; };
		D6FC87BD8E0315AC8D383B8F /* CrearEventoTool.swift in Sources */ = {isa = PBXBuildFile; fileRef = 618DC28F84B4F78EF45BC9FC /* CrearEventoTool.swift */; };
		8BC8D7CBF9CA50C3CE0BB198 /* CrearTrabajoTool.swift in Sources */ = {isa = PBXBuildFile; fileRef = E2DAB874B89E28A938DFCC80 /* CrearTrabajoTool.swift */; };
		C494392DDD56FE75B5A37538 /* GaleriaClienteTools.swift in Sources */ = {isa = PBXBuildFile; fileRef = 56F371F6F670C980108B8500 /* GaleriaClienteTools.swift */; };
		4DC92B2FE1B829C1CE9ABD46 /* GenerarReporteTool.swift in Sources */ = {isa = PBXBuildFile; fileRef = 7FD96208E4362D6EAA875A93 /* GenerarReporteTool.swift */; };
		2ADED8CB43BD6A81FADEB2C5 /* GestionarEquipoTool.swift in Sources */ = {isa = PBXBuildFile; fileRef = 4DB2F822CC660357FE17E276 /* GestionarEquipoTool.swift */; };
		E628196BEC597E1E703CC57D /* GestionarQuincenaTool.swift in Sources */ = {isa = PBXBuildFile; fileRef = DD7DE7FAD4676FFEE4AFF287 /* GestionarQuincenaTool.swift */; };
		6149BEEDB035C5F90CE6D5A5 /* GestionarUsuarioTool.swift in Sources */ = {isa = PBXBuildFile; fileRef = 5461F36052386629C2554BCD /* GestionarUsuarioTool.swift */; };
		D71ABEE1F351311EEE96FBCC /* MarcarAlertaLeidaTool.swift in Sources */ = {isa = PBXBuildFile; fileRef = ADDFA72C231564CEA9D628A2 /* MarcarAlertaLeidaTool.swift */; };
		4D32585FB40699C1BA793084 /* MarcarTrabajoPagadoTool.swift in Sources */ = {isa = PBXBuildFile; fileRef = F037DBE2134E0E1DEB2057E7 /* MarcarTrabajoPagadoTool.swift */; };
		DB76EF3A1907D1F4BEE55E51 /* RegistrarGastoTool.swift in Sources */ = {isa = PBXBuildFile; fileRef = 33760DA275F4C57B9E4ABC0A /* RegistrarGastoTool.swift */; };
		D9B021527C697A8E4BC61989 /* RegistrarPagoQuincenaTool.swift in Sources */ = {isa = PBXBuildFile; fileRef = 7F65C68B171E6BFB2AAC9B58 /* RegistrarPagoQuincenaTool.swift */; };
		F1B1FD5100B51C037F238B5F /* ServicioGrupoMap.swift in Sources */ = {isa = PBXBuildFile; fileRef = 86DE2959682B0A4B679E693D /* ServicioGrupoMap.swift */; };
		EC3617447E8154DA68742268 /* DesignSystem.swift in Sources */ = {isa = PBXBuildFile; fileRef = 91B271F66E0C9D033658882F /* DesignSystem.swift */; };
		EAAF3A63BB14AF394CAE8F97 /* Ingresos.swift in Sources */ = {isa = PBXBuildFile; fileRef = BEBF1E26111ECB99F91A8D12 /* Ingresos.swift */; };
		F28609B92C560C59DA99381C /* QuincenaEngine.swift in Sources */ = {isa = PBXBuildFile; fileRef = 5E16B11E88470515D85E279B /* QuincenaEngine.swift */; };
		3AE504125F87E4AD848630F8 /* DashboardView.swift in Sources */ = {isa = PBXBuildFile; fileRef = 105203992F135ED07A66C361 /* DashboardView.swift */; };
		CA7D0ADF52ECAA67A5CCF214 /* RootView.swift in Sources */ = {isa = PBXBuildFile; fileRef = 33F2D2F148896334509E9E1F /* RootView.swift */; };
		B7569B9A572370D8D0D915E3 /* NuevoTrabajoView.swift in Sources */ = {isa = PBXBuildFile; fileRef = 125BBBEECEAB091A06BFE255 /* NuevoTrabajoView.swift */; };
		B5722BE55D88076EA0635743 /* TrabajoDetailView.swift in Sources */ = {isa = PBXBuildFile; fileRef = 1D78967E806CF23153390A44 /* TrabajoDetailView.swift */; };
		D698C5BFEE2A09EBBFABCD56 /* TrabajosListView.swift in Sources */ = {isa = PBXBuildFile; fileRef = 782030FFE8B32DDA3562A562 /* TrabajosListView.swift */; };
		831A7066B0F64F0101EF1A1E /* NoktaWebView.swift in Sources */ = {isa = PBXBuildFile; fileRef = DB38ED61BB052E334C9FBAA6 /* NoktaWebView.swift */; };
		7A98018EB868FB65026A8ACD /* NoktaStudioApp.swift in Sources */ = {isa = PBXBuildFile; fileRef = 753E68B7B4953F70C848178A /* NoktaStudioApp.swift */; };
		F6BE16DD9EC99473CF0C791E /* ConsultarAlertasIntent.swift in Sources */ = {isa = PBXBuildFile; fileRef = 858048089CEAD4965706E81B /* ConsultarAlertasIntent.swift */; };
		80519CF00769BDC5D752CA4F /* ConsultarSaldoIntent.swift in Sources */ = {isa = PBXBuildFile; fileRef = 07EC58114CA7D5F292B71FD0 /* ConsultarSaldoIntent.swift */; };
		FF8F8EBE7F0ACF3E91F1DAFB /* MarcarTrabajoPagadoIntent.swift in Sources */ = {isa = PBXBuildFile; fileRef = 64942DCA51D11F10186D6145 /* MarcarTrabajoPagadoIntent.swift */; };
		849295743207401CD8C57BB9 /* NoktaShortcuts.swift in Sources */ = {isa = PBXBuildFile; fileRef = 0DAEDB860F1CBF121B240F3B /* NoktaShortcuts.swift */; };
		CE51D1AC41DF70BC4E4B95ED /* RegistrarGastoIntent.swift in Sources */ = {isa = PBXBuildFile; fileRef = B72479151E32C5EB7E9D6991 /* RegistrarGastoIntent.swift */; };
		57878F9CA82066D9113BF487 /* RegistrarPagoQuincenaIntent.swift in Sources */ = {isa = PBXBuildFile; fileRef = 1160DB7241FD8F41E4E4ED28 /* RegistrarPagoQuincenaIntent.swift */; };
		CE30A17E8698C99620B77EDA /* AssistantView.swift in Sources */ = {isa = PBXBuildFile; fileRef = 5FC409B385F5212B5029A38D /* AssistantView.swift */; };
		12D7B9B254871A690214CA3B /* AssistantViewModel.swift in Sources */ = {isa = PBXBuildFile; fileRef = 1394EADB007D0E620DA32187 /* AssistantViewModel.swift */; };
		682BEC41C11C881169355152 /* CookieSync.swift in Sources */ = {isa = PBXBuildFile; fileRef = 751561F8F0E2C02DF152640B /* CookieSync.swift */; };
		18EF569F41F44BADCDED4A31 /* NoktaAPI.swift in Sources */ = {isa = PBXBuildFile; fileRef = 6745B2EA3513D45539F64210 /* NoktaAPI.swift */; };
		6C78A0D35DCE5A86FA9FFED9 /* PDFPreviewView.swift in Sources */ = {isa = PBXBuildFile; fileRef = C9463634CD2DA67DD57D9E98 /* PDFPreviewView.swift */; };
		5DDD7214A9535ACF02462E24 /* PDFRenderer.swift in Sources */ = {isa = PBXBuildFile; fileRef = 0E40A46AAE4902C8C42F04D6 /* PDFRenderer.swift */; };
		F6D5F6F6281D509563426186 /* PDFTemplates.swift in Sources */ = {isa = PBXBuildFile; fileRef = 594CFFCAD36731E896892538 /* PDFTemplates.swift */; };
		8FA68061F048E81B8C95CDC7 /* CambiarEstadoClienteTool.swift in Sources */ = {isa = PBXBuildFile; fileRef = 9E84E455F10E06F1D2096901 /* CambiarEstadoClienteTool.swift */; };
		3101A6C0EE05DD174AD90DF9 /* ConsultarAlertasTool.swift in Sources */ = {isa = PBXBuildFile; fileRef = 08A99BF681144F42507A2111 /* ConsultarAlertasTool.swift */; };
		8A8F98C80D50AEAC6A7740B3 /* ConsultarClientesTool.swift in Sources */ = {isa = PBXBuildFile; fileRef = 0637902F49B83A0774A27133 /* ConsultarClientesTool.swift */; };
		F91747BD90AFD417B43BAA74 /* ConsultarGastosTool.swift in Sources */ = {isa = PBXBuildFile; fileRef = 9DF5A84CAF7620594C1E5E89 /* ConsultarGastosTool.swift */; };
		457DAAEAE16887EAD063E040 /* ConsultarTrabajosTool.swift in Sources */ = {isa = PBXBuildFile; fileRef = 4D9225E5685B0871020A1BC9 /* ConsultarTrabajosTool.swift */; };
		1E8BE4F32987C3D874BBDB2C /* CrearClienteTool.swift in Sources */ = {isa = PBXBuildFile; fileRef = 59EB51D589C0CA23A0CE2228 /* CrearClienteTool.swift */; };
		896D2A03E36B3847E3F32BC5 /* CrearDocumentoTool.swift in Sources */ = {isa = PBXBuildFile; fileRef = D96DF76C7C394D47E2AA9658 /* CrearDocumentoTool.swift */; };
		F26BE194915DBF04C5678416 /* CrearEventoTool.swift in Sources */ = {isa = PBXBuildFile; fileRef = 618DC28F84B4F78EF45BC9FC /* CrearEventoTool.swift */; };
		3E8792D938390336694D6091 /* CrearTrabajoTool.swift in Sources */ = {isa = PBXBuildFile; fileRef = E2DAB874B89E28A938DFCC80 /* CrearTrabajoTool.swift */; };
		C7C00CBAF87DCA10A573800E /* GaleriaClienteTools.swift in Sources */ = {isa = PBXBuildFile; fileRef = 56F371F6F670C980108B8500 /* GaleriaClienteTools.swift */; };
		18F3DF0AE4F1C8060B3FB4B2 /* GenerarReporteTool.swift in Sources */ = {isa = PBXBuildFile; fileRef = 7FD96208E4362D6EAA875A93 /* GenerarReporteTool.swift */; };
		857E315FA2FE4190F8C5FF57 /* GestionarEquipoTool.swift in Sources */ = {isa = PBXBuildFile; fileRef = 4DB2F822CC660357FE17E276 /* GestionarEquipoTool.swift */; };
		E12884B66FB1EBD4F178532F /* GestionarQuincenaTool.swift in Sources */ = {isa = PBXBuildFile; fileRef = DD7DE7FAD4676FFEE4AFF287 /* GestionarQuincenaTool.swift */; };
		AF25009093C0E635DEED03BB /* GestionarUsuarioTool.swift in Sources */ = {isa = PBXBuildFile; fileRef = 5461F36052386629C2554BCD /* GestionarUsuarioTool.swift */; };
		C209C1CE05D698A7C8558E45 /* MarcarAlertaLeidaTool.swift in Sources */ = {isa = PBXBuildFile; fileRef = ADDFA72C231564CEA9D628A2 /* MarcarAlertaLeidaTool.swift */; };
		6DF34AEB02E3CF0BED461FDD /* MarcarTrabajoPagadoTool.swift in Sources */ = {isa = PBXBuildFile; fileRef = F037DBE2134E0E1DEB2057E7 /* MarcarTrabajoPagadoTool.swift */; };
		8999649F3BD3506AF5455475 /* RegistrarGastoTool.swift in Sources */ = {isa = PBXBuildFile; fileRef = 33760DA275F4C57B9E4ABC0A /* RegistrarGastoTool.swift */; };
		2EA466B3640F392A4CF9C045 /* RegistrarPagoQuincenaTool.swift in Sources */ = {isa = PBXBuildFile; fileRef = 7F65C68B171E6BFB2AAC9B58 /* RegistrarPagoQuincenaTool.swift */; };
		494107E3D498EA5D86E7852C /* ServicioGrupoMap.swift in Sources */ = {isa = PBXBuildFile; fileRef = 86DE2959682B0A4B679E693D /* ServicioGrupoMap.swift */; };
		DFF256C3C42D973B6257D35D /* DesignSystem.swift in Sources */ = {isa = PBXBuildFile; fileRef = 91B271F66E0C9D033658882F /* DesignSystem.swift */; };
		53BE993D03FC5C8ACC4238FE /* Ingresos.swift in Sources */ = {isa = PBXBuildFile; fileRef = BEBF1E26111ECB99F91A8D12 /* Ingresos.swift */; };
		83D5FF69F03D4C697ECB9E70 /* QuincenaEngine.swift in Sources */ = {isa = PBXBuildFile; fileRef = 5E16B11E88470515D85E279B /* QuincenaEngine.swift */; };
		5805B630C9630207E29320B4 /* DashboardView.swift in Sources */ = {isa = PBXBuildFile; fileRef = 105203992F135ED07A66C361 /* DashboardView.swift */; };
		87A0FACA3BA5E454FB360EA9 /* RootView.swift in Sources */ = {isa = PBXBuildFile; fileRef = 33F2D2F148896334509E9E1F /* RootView.swift */; };
		6768A10C9CCB501DA9B88204 /* NuevoTrabajoView.swift in Sources */ = {isa = PBXBuildFile; fileRef = 125BBBEECEAB091A06BFE255 /* NuevoTrabajoView.swift */; };
		E8FC4CA34462C93A4FD4D837 /* TrabajoDetailView.swift in Sources */ = {isa = PBXBuildFile; fileRef = 1D78967E806CF23153390A44 /* TrabajoDetailView.swift */; };
		5F8C68D10312DA9064113AF9 /* TrabajosListView.swift in Sources */ = {isa = PBXBuildFile; fileRef = 782030FFE8B32DDA3562A562 /* TrabajosListView.swift */; };
		2AB4D63607EE84CB3E49151A /* NoktaWebView.swift in Sources */ = {isa = PBXBuildFile; fileRef = DB38ED61BB052E334C9FBAA6 /* NoktaWebView.swift */; };
		1567291634E038F286E91D2C /* Assets.xcassets in Resources */ = {isa = PBXBuildFile; fileRef = CFDBAC21689581B04CB7ABB5 /* Assets.xcassets */; };
		7B6B6A277A353A0833D22730 /* Assets.xcassets in Resources */ = {isa = PBXBuildFile; fileRef = CFDBAC21689581B04CB7ABB5 /* Assets.xcassets */; };
		4B7AC2CF262456D74D75C9C7 /* Poppins-Bold.ttf in Resources */ = {isa = PBXBuildFile; fileRef = 6EE96B676F11A1B72FB10D74 /* Poppins-Bold.ttf */; };
		521465174AA10CA270428C31 /* Poppins-Light.ttf in Resources */ = {isa = PBXBuildFile; fileRef = 44296FB7088CFED343CFF1EE /* Poppins-Light.ttf */; };
		E4C41564F6C25D863BC06471 /* Poppins-Medium.ttf in Resources */ = {isa = PBXBuildFile; fileRef = 39085646C607B488D1B05BC6 /* Poppins-Medium.ttf */; };
		44FFB2741CA8CB7851C5BE21 /* Poppins-Regular.ttf in Resources */ = {isa = PBXBuildFile; fileRef = FBFB3B639E73FF10CC45E165 /* Poppins-Regular.ttf */; };
		AF2A50FDD0BA8C44EF4E9EDF /* Poppins-SemiBold.ttf in Resources */ = {isa = PBXBuildFile; fileRef = D52C631B6BC70C7720ECB67E /* Poppins-SemiBold.ttf */; };
		259DC3EB93B4D9F5BBDEFF02 /* Poppins-Bold.ttf in Resources */ = {isa = PBXBuildFile; fileRef = 6EE96B676F11A1B72FB10D74 /* Poppins-Bold.ttf */; };
		A990D0BB1AA266CB7F42DF55 /* Poppins-Light.ttf in Resources */ = {isa = PBXBuildFile; fileRef = 44296FB7088CFED343CFF1EE /* Poppins-Light.ttf */; };
		00E0C497A38B0C1551EAC377 /* Poppins-Medium.ttf in Resources */ = {isa = PBXBuildFile; fileRef = 39085646C607B488D1B05BC6 /* Poppins-Medium.ttf */; };
		DEDA7ED8EF4A506B838B657B /* Poppins-Regular.ttf in Resources */ = {isa = PBXBuildFile; fileRef = FBFB3B639E73FF10CC45E165 /* Poppins-Regular.ttf */; };
		F6741603D137B6294C23A0F6 /* Poppins-SemiBold.ttf in Resources */ = {isa = PBXBuildFile; fileRef = D52C631B6BC70C7720ECB67E /* Poppins-SemiBold.ttf */; };
/* End PBXBuildFile section */

/* Begin PBXFileReference section */
		753E68B7B4953F70C848178A /* NoktaStudioApp.swift */ = {isa = PBXFileReference; lastKnownFileType = sourcecode.swift; path = NoktaStudioApp.swift; sourceTree = "<group>"; };
		858048089CEAD4965706E81B /* ConsultarAlertasIntent.swift */ = {isa = PBXFileReference; lastKnownFileType = sourcecode.swift; path = ConsultarAlertasIntent.swift; sourceTree = "<group>"; };
		07EC58114CA7D5F292B71FD0 /* ConsultarSaldoIntent.swift */ = {isa = PBXFileReference; lastKnownFileType = sourcecode.swift; path = ConsultarSaldoIntent.swift; sourceTree = "<group>"; };
		64942DCA51D11F10186D6145 /* MarcarTrabajoPagadoIntent.swift */ = {isa = PBXFileReference; lastKnownFileType = sourcecode.swift; path = MarcarTrabajoPagadoIntent.swift; sourceTree = "<group>"; };
		0DAEDB860F1CBF121B240F3B /* NoktaShortcuts.swift */ = {isa = PBXFileReference; lastKnownFileType = sourcecode.swift; path = NoktaShortcuts.swift; sourceTree = "<group>"; };
		B72479151E32C5EB7E9D6991 /* RegistrarGastoIntent.swift */ = {isa = PBXFileReference; lastKnownFileType = sourcecode.swift; path = RegistrarGastoIntent.swift; sourceTree = "<group>"; };
		1160DB7241FD8F41E4E4ED28 /* RegistrarPagoQuincenaIntent.swift */ = {isa = PBXFileReference; lastKnownFileType = sourcecode.swift; path = RegistrarPagoQuincenaIntent.swift; sourceTree = "<group>"; };
		5FC409B385F5212B5029A38D /* AssistantView.swift */ = {isa = PBXFileReference; lastKnownFileType = sourcecode.swift; path = AssistantView.swift; sourceTree = "<group>"; };
		1394EADB007D0E620DA32187 /* AssistantViewModel.swift */ = {isa = PBXFileReference; lastKnownFileType = sourcecode.swift; path = AssistantViewModel.swift; sourceTree = "<group>"; };
		751561F8F0E2C02DF152640B /* CookieSync.swift */ = {isa = PBXFileReference; lastKnownFileType = sourcecode.swift; path = CookieSync.swift; sourceTree = "<group>"; };
		6745B2EA3513D45539F64210 /* NoktaAPI.swift */ = {isa = PBXFileReference; lastKnownFileType = sourcecode.swift; path = NoktaAPI.swift; sourceTree = "<group>"; };
		C9463634CD2DA67DD57D9E98 /* PDFPreviewView.swift */ = {isa = PBXFileReference; lastKnownFileType = sourcecode.swift; path = PDFPreviewView.swift; sourceTree = "<group>"; };
		0E40A46AAE4902C8C42F04D6 /* PDFRenderer.swift */ = {isa = PBXFileReference; lastKnownFileType = sourcecode.swift; path = PDFRenderer.swift; sourceTree = "<group>"; };
		594CFFCAD36731E896892538 /* PDFTemplates.swift */ = {isa = PBXFileReference; lastKnownFileType = sourcecode.swift; path = PDFTemplates.swift; sourceTree = "<group>"; };
		9E84E455F10E06F1D2096901 /* CambiarEstadoClienteTool.swift */ = {isa = PBXFileReference; lastKnownFileType = sourcecode.swift; path = CambiarEstadoClienteTool.swift; sourceTree = "<group>"; };
		08A99BF681144F42507A2111 /* ConsultarAlertasTool.swift */ = {isa = PBXFileReference; lastKnownFileType = sourcecode.swift; path = ConsultarAlertasTool.swift; sourceTree = "<group>"; };
		0637902F49B83A0774A27133 /* ConsultarClientesTool.swift */ = {isa = PBXFileReference; lastKnownFileType = sourcecode.swift; path = ConsultarClientesTool.swift; sourceTree = "<group>"; };
		9DF5A84CAF7620594C1E5E89 /* ConsultarGastosTool.swift */ = {isa = PBXFileReference; lastKnownFileType = sourcecode.swift; path = ConsultarGastosTool.swift; sourceTree = "<group>"; };
		4D9225E5685B0871020A1BC9 /* ConsultarTrabajosTool.swift */ = {isa = PBXFileReference; lastKnownFileType = sourcecode.swift; path = ConsultarTrabajosTool.swift; sourceTree = "<group>"; };
		59EB51D589C0CA23A0CE2228 /* CrearClienteTool.swift */ = {isa = PBXFileReference; lastKnownFileType = sourcecode.swift; path = CrearClienteTool.swift; sourceTree = "<group>"; };
		D96DF76C7C394D47E2AA9658 /* CrearDocumentoTool.swift */ = {isa = PBXFileReference; lastKnownFileType = sourcecode.swift; path = CrearDocumentoTool.swift; sourceTree = "<group>"; };
		618DC28F84B4F78EF45BC9FC /* CrearEventoTool.swift */ = {isa = PBXFileReference; lastKnownFileType = sourcecode.swift; path = CrearEventoTool.swift; sourceTree = "<group>"; };
		E2DAB874B89E28A938DFCC80 /* CrearTrabajoTool.swift */ = {isa = PBXFileReference; lastKnownFileType = sourcecode.swift; path = CrearTrabajoTool.swift; sourceTree = "<group>"; };
		56F371F6F670C980108B8500 /* GaleriaClienteTools.swift */ = {isa = PBXFileReference; lastKnownFileType = sourcecode.swift; path = GaleriaClienteTools.swift; sourceTree = "<group>"; };
		7FD96208E4362D6EAA875A93 /* GenerarReporteTool.swift */ = {isa = PBXFileReference; lastKnownFileType = sourcecode.swift; path = GenerarReporteTool.swift; sourceTree = "<group>"; };
		4DB2F822CC660357FE17E276 /* GestionarEquipoTool.swift */ = {isa = PBXFileReference; lastKnownFileType = sourcecode.swift; path = GestionarEquipoTool.swift; sourceTree = "<group>"; };
		DD7DE7FAD4676FFEE4AFF287 /* GestionarQuincenaTool.swift */ = {isa = PBXFileReference; lastKnownFileType = sourcecode.swift; path = GestionarQuincenaTool.swift; sourceTree = "<group>"; };
		5461F36052386629C2554BCD /* GestionarUsuarioTool.swift */ = {isa = PBXFileReference; lastKnownFileType = sourcecode.swift; path = GestionarUsuarioTool.swift; sourceTree = "<group>"; };
		ADDFA72C231564CEA9D628A2 /* MarcarAlertaLeidaTool.swift */ = {isa = PBXFileReference; lastKnownFileType = sourcecode.swift; path = MarcarAlertaLeidaTool.swift; sourceTree = "<group>"; };
		F037DBE2134E0E1DEB2057E7 /* MarcarTrabajoPagadoTool.swift */ = {isa = PBXFileReference; lastKnownFileType = sourcecode.swift; path = MarcarTrabajoPagadoTool.swift; sourceTree = "<group>"; };
		33760DA275F4C57B9E4ABC0A /* RegistrarGastoTool.swift */ = {isa = PBXFileReference; lastKnownFileType = sourcecode.swift; path = RegistrarGastoTool.swift; sourceTree = "<group>"; };
		7F65C68B171E6BFB2AAC9B58 /* RegistrarPagoQuincenaTool.swift */ = {isa = PBXFileReference; lastKnownFileType = sourcecode.swift; path = RegistrarPagoQuincenaTool.swift; sourceTree = "<group>"; };
		86DE2959682B0A4B679E693D /* ServicioGrupoMap.swift */ = {isa = PBXFileReference; lastKnownFileType = sourcecode.swift; path = ServicioGrupoMap.swift; sourceTree = "<group>"; };
		91B271F66E0C9D033658882F /* DesignSystem.swift */ = {isa = PBXFileReference; lastKnownFileType = sourcecode.swift; path = DesignSystem.swift; sourceTree = "<group>"; };
		BEBF1E26111ECB99F91A8D12 /* Ingresos.swift */ = {isa = PBXFileReference; lastKnownFileType = sourcecode.swift; path = Ingresos.swift; sourceTree = "<group>"; };
		5E16B11E88470515D85E279B /* QuincenaEngine.swift */ = {isa = PBXFileReference; lastKnownFileType = sourcecode.swift; path = QuincenaEngine.swift; sourceTree = "<group>"; };
		105203992F135ED07A66C361 /* DashboardView.swift */ = {isa = PBXFileReference; lastKnownFileType = sourcecode.swift; path = DashboardView.swift; sourceTree = "<group>"; };
		33F2D2F148896334509E9E1F /* RootView.swift */ = {isa = PBXFileReference; lastKnownFileType = sourcecode.swift; path = RootView.swift; sourceTree = "<group>"; };
		125BBBEECEAB091A06BFE255 /* NuevoTrabajoView.swift */ = {isa = PBXFileReference; lastKnownFileType = sourcecode.swift; path = NuevoTrabajoView.swift; sourceTree = "<group>"; };
		1D78967E806CF23153390A44 /* TrabajoDetailView.swift */ = {isa = PBXFileReference; lastKnownFileType = sourcecode.swift; path = TrabajoDetailView.swift; sourceTree = "<group>"; };
		782030FFE8B32DDA3562A562 /* TrabajosListView.swift */ = {isa = PBXFileReference; lastKnownFileType = sourcecode.swift; path = TrabajosListView.swift; sourceTree = "<group>"; };
		DB38ED61BB052E334C9FBAA6 /* NoktaWebView.swift */ = {isa = PBXFileReference; lastKnownFileType = sourcecode.swift; path = NoktaWebView.swift; sourceTree = "<group>"; };
		6EE96B676F11A1B72FB10D74 /* Poppins-Bold.ttf */ = {isa = PBXFileReference; lastKnownFileType = file; path = Poppins-Bold.ttf; sourceTree = "<group>"; };
		44296FB7088CFED343CFF1EE /* Poppins-Light.ttf */ = {isa = PBXFileReference; lastKnownFileType = file; path = Poppins-Light.ttf; sourceTree = "<group>"; };
		39085646C607B488D1B05BC6 /* Poppins-Medium.ttf */ = {isa = PBXFileReference; lastKnownFileType = file; path = Poppins-Medium.ttf; sourceTree = "<group>"; };
		FBFB3B639E73FF10CC45E165 /* Poppins-Regular.ttf */ = {isa = PBXFileReference; lastKnownFileType = file; path = Poppins-Regular.ttf; sourceTree = "<group>"; };
		D52C631B6BC70C7720ECB67E /* Poppins-SemiBold.ttf */ = {isa = PBXFileReference; lastKnownFileType = file; path = Poppins-SemiBold.ttf; sourceTree = "<group>"; };
		CFDBAC21689581B04CB7ABB5 /* Assets.xcassets */ = {isa = PBXFileReference; lastKnownFileType = folder.assetcatalog; path = Assets.xcassets; sourceTree = "<group>"; };
		57157261AC48F9302A3B476E /* NoktaStudio.app */ = {isa = PBXFileReference; explicitFileType = wrapper.application; includeInIndex = 0; path = "NoktaStudio.app"; sourceTree = BUILT_PRODUCTS_DIR; };
		3B0BB3AAC6141AA5CDB947A5 /* NoktaStudio.app */ = {isa = PBXFileReference; explicitFileType = wrapper.application; includeInIndex = 0; path = "NoktaStudio.app"; sourceTree = BUILT_PRODUCTS_DIR; };
/* End PBXFileReference section */

/* Begin PBXFrameworksBuildPhase section */
		6419175100970E52AA461C9C /* Frameworks */ = {
			isa = PBXFrameworksBuildPhase;
			buildActionMask = 2147483647;
			files = (
			);
			runOnlyForDeploymentPostprocessing = 0;
		};
		B499CB35E63B0E3D3E339DFB /* Frameworks */ = {
			isa = PBXFrameworksBuildPhase;
			buildActionMask = 2147483647;
			files = (
			);
			runOnlyForDeploymentPostprocessing = 0;
		};
/* End PBXFrameworksBuildPhase section */

/* Begin PBXGroup section */
		E50290A24C49A459B43487C5 = {
			isa = PBXGroup;
			children = (
				1C48CE29E4E135EE62951B22,
				FDCEBBF9DA95BEB2A4BFD3EE,
				B650B6C384DB426CDB6DABB8,
				410188F9DC6E499FEC68BCF6,
				E1A8163F06C67BC7F1F82BB0,
				A024F06580C79B7582C3806A,
				72B4D395CBFFB3EEC69CDEB6,
				518371CAC0C183E82510C847,
				9E8191CD8A03A7B5FF478C7E,
				CFDBAC21689581B04CB7ABB5,
				5151B46607EBC8890D8DFCC2,
			);
			path = NoktaStudio;
			sourceTree = "<group>";
		};
		1C48CE29E4E135EE62951B22 = {
			isa = PBXGroup;
			children = (
				753E68B7B4953F70C848178A,
			);
			path = "App";
			sourceTree = "<group>";
		};
		FDCEBBF9DA95BEB2A4BFD3EE = {
			isa = PBXGroup;
			children = (
				858048089CEAD4965706E81B,
				07EC58114CA7D5F292B71FD0,
				64942DCA51D11F10186D6145,
				0DAEDB860F1CBF121B240F3B,
				B72479151E32C5EB7E9D6991,
				1160DB7241FD8F41E4E4ED28,
			);
			path = "AppIntents";
			sourceTree = "<group>";
		};
		4A4F979EFE18D673EE72C0B4 = {
			isa = PBXGroup;
			children = (
				9E84E455F10E06F1D2096901,
				08A99BF681144F42507A2111,
				0637902F49B83A0774A27133,
				9DF5A84CAF7620594C1E5E89,
				4D9225E5685B0871020A1BC9,
				59EB51D589C0CA23A0CE2228,
				D96DF76C7C394D47E2AA9658,
				618DC28F84B4F78EF45BC9FC,
				E2DAB874B89E28A938DFCC80,
				56F371F6F670C980108B8500,
				7FD96208E4362D6EAA875A93,
				4DB2F822CC660357FE17E276,
				DD7DE7FAD4676FFEE4AFF287,
				5461F36052386629C2554BCD,
				ADDFA72C231564CEA9D628A2,
				F037DBE2134E0E1DEB2057E7,
				33760DA275F4C57B9E4ABC0A,
				7F65C68B171E6BFB2AAC9B58,
				86DE2959682B0A4B679E693D,
			);
			path = "Tools";
			sourceTree = "<group>";
		};
		B650B6C384DB426CDB6DABB8 = {
			isa = PBXGroup;
			children = (
				4A4F979EFE18D673EE72C0B4,
				5FC409B385F5212B5029A38D,
				1394EADB007D0E620DA32187,
				751561F8F0E2C02DF152640B,
				6745B2EA3513D45539F64210,
				C9463634CD2DA67DD57D9E98,
				0E40A46AAE4902C8C42F04D6,
				594CFFCAD36731E896892538,
			);
			path = "Assistant";
			sourceTree = "<group>";
		};
		410188F9DC6E499FEC68BCF6 = {
			isa = PBXGroup;
			children = (
				91B271F66E0C9D033658882F,
				BEBF1E26111ECB99F91A8D12,
				5E16B11E88470515D85E279B,
			);
			path = "Core";
			sourceTree = "<group>";
		};
		E1A8163F06C67BC7F1F82BB0 = {
			isa = PBXGroup;
			children = (
				105203992F135ED07A66C361,
			);
			path = "Dashboard";
			sourceTree = "<group>";
		};
		D05438F98A27BC39A60EE06E = {
			isa = PBXGroup;
			children = (
				6EE96B676F11A1B72FB10D74,
				44296FB7088CFED343CFF1EE,
				39085646C607B488D1B05BC6,
				FBFB3B639E73FF10CC45E165,
				D52C631B6BC70C7720ECB67E,
			);
			path = "Fonts";
			sourceTree = "<group>";
		};
		A024F06580C79B7582C3806A = {
			isa = PBXGroup;
			children = (
				D05438F98A27BC39A60EE06E,
			);
			path = "Resources";
			sourceTree = "<group>";
		};
		72B4D395CBFFB3EEC69CDEB6 = {
			isa = PBXGroup;
			children = (
				33F2D2F148896334509E9E1F,
			);
			path = "Shell";
			sourceTree = "<group>";
		};
		518371CAC0C183E82510C847 = {
			isa = PBXGroup;
			children = (
				125BBBEECEAB091A06BFE255,
				1D78967E806CF23153390A44,
				782030FFE8B32DDA3562A562,
			);
			path = "Trabajos";
			sourceTree = "<group>";
		};
		9E8191CD8A03A7B5FF478C7E = {
			isa = PBXGroup;
			children = (
				DB38ED61BB052E334C9FBAA6,
			);
			path = "WebView";
			sourceTree = "<group>";
		};
		5151B46607EBC8890D8DFCC2 = {
			isa = PBXGroup;
			children = (
				57157261AC48F9302A3B476E /* NoktaStudio.app */,
				3B0BB3AAC6141AA5CDB947A5 /* NoktaStudio.app */,
			);
			name = Products;
			sourceTree = "<group>";
		};
/* End PBXGroup section */

/* Begin PBXNativeTarget section */
		DAC66DDE62B7AF323A0B53C2 /* NoktaStudio-iOS */ = {
			isa = PBXNativeTarget;
			buildConfigurationList = 4EA4478716AABBA0CE681724 /* Build configuration list for PBXNativeTarget "NoktaStudio-iOS" */;
			buildPhases = (
				3EB653855794ACB8194696BC /* Sources */,
				6419175100970E52AA461C9C /* Frameworks */,
				166A09B4A5A2A8BE7565A775 /* Resources */,
			);
			buildRules = (
			);
			dependencies = (
			);
			name = "NoktaStudio-iOS";
			productName = "NoktaStudio-iOS";
			productReference = 57157261AC48F9302A3B476E /* NoktaStudio.app */;
			productType = "com.apple.product-type.application";
		};
		23E6EB9256AB02C8FDCB22A5 /* NoktaStudio-macOS */ = {
			isa = PBXNativeTarget;
			buildConfigurationList = 47868AD71ED707EE723B4CD5 /* Build configuration list for PBXNativeTarget "NoktaStudio-macOS" */;
			buildPhases = (
				6328831100BFA1C9C3BE948D /* Sources */,
				B499CB35E63B0E3D3E339DFB /* Frameworks */,
				77D911E72F2E007FDAFB205A /* Resources */,
			);
			buildRules = (
			);
			dependencies = (
			);
			name = "NoktaStudio-macOS";
			productName = "NoktaStudio-macOS";
			productReference = 3B0BB3AAC6141AA5CDB947A5 /* NoktaStudio.app */;
			productType = "com.apple.product-type.application";
		};
/* End PBXNativeTarget section */

/* Begin PBXProject section */
		98F54143AB4E86B28C3AFEE0 /* Project object */ = {
			isa = PBXProject;
			attributes = {
				BuildIndependentTargetsInParallel = 1;
				LastSwiftUpdateCheck = 1540;
				LastUpgradeCheck = 1540;
			};
			buildConfigurationList = 781E9F961BB31332B4D61478 /* Build configuration list for PBXProject "NoktaStudio" */;
			compatibilityVersion = "Xcode 14.0";
			developmentRegion = en;
			hasScannedForEncodings = 0;
			knownRegions = (
				en,
				Base,
			);
			mainGroup = E50290A24C49A459B43487C5;
			productRefGroup = 5151B46607EBC8890D8DFCC2 /* Products */;
			projectDirPath = "";
			projectRoot = "";
			targets = (
				DAC66DDE62B7AF323A0B53C2 /* NoktaStudio-iOS */,
				23E6EB9256AB02C8FDCB22A5 /* NoktaStudio-macOS */,
			);
		};
/* End PBXProject section */

/* Begin PBXResourcesBuildPhase section */
		166A09B4A5A2A8BE7565A775 /* Resources */ = {
			isa = PBXResourcesBuildPhase;
			buildActionMask = 2147483647;
			files = (
				1567291634E038F286E91D2C /* Assets.xcassets in Resources */,
				4B7AC2CF262456D74D75C9C7 /* Poppins-Bold.ttf in Resources */,
				521465174AA10CA270428C31 /* Poppins-Light.ttf in Resources */,
				E4C41564F6C25D863BC06471 /* Poppins-Medium.ttf in Resources */,
				44FFB2741CA8CB7851C5BE21 /* Poppins-Regular.ttf in Resources */,
				AF2A50FDD0BA8C44EF4E9EDF /* Poppins-SemiBold.ttf in Resources */,
			);
			runOnlyForDeploymentPostprocessing = 0;
		};
		77D911E72F2E007FDAFB205A /* Resources */ = {
			isa = PBXResourcesBuildPhase;
			buildActionMask = 2147483647;
			files = (
				7B6B6A277A353A0833D22730 /* Assets.xcassets in Resources */,
				259DC3EB93B4D9F5BBDEFF02 /* Poppins-Bold.ttf in Resources */,
				A990D0BB1AA266CB7F42DF55 /* Poppins-Light.ttf in Resources */,
				00E0C497A38B0C1551EAC377 /* Poppins-Medium.ttf in Resources */,
				DEDA7ED8EF4A506B838B657B /* Poppins-Regular.ttf in Resources */,
				F6741603D137B6294C23A0F6 /* Poppins-SemiBold.ttf in Resources */,
			);
			runOnlyForDeploymentPostprocessing = 0;
		};
/* End PBXResourcesBuildPhase section */

/* Begin PBXSourcesBuildPhase section */
		3EB653855794ACB8194696BC /* Sources */ = {
			isa = PBXSourcesBuildPhase;
			buildActionMask = 2147483647;
			files = (
				9397FEA0DBE9FFD102A5950F /* NoktaStudioApp.swift in Sources */,
				AB61B9B599B9180919DF2DA6 /* ConsultarAlertasIntent.swift in Sources */,
				6C1B6451DCFBFBCA07990364 /* ConsultarSaldoIntent.swift in Sources */,
				F7506ED16F5A315A651AACEE /* MarcarTrabajoPagadoIntent.swift in Sources */,
				BD8860F27899C93740308AC4 /* NoktaShortcuts.swift in Sources */,
				F271DA5C6FD3758481A46E0E /* RegistrarGastoIntent.swift in Sources */,
				AE64043F81A1273A485D77FB /* RegistrarPagoQuincenaIntent.swift in Sources */,
				2CF199BCCE5FA20FD882EE4E /* AssistantView.swift in Sources */,
				FEEC2077D8D9D2981ABC75CE /* AssistantViewModel.swift in Sources */,
				073EDAEB78CC5AABD638B868 /* CookieSync.swift in Sources */,
				61E623B32794DB3F0925C011 /* NoktaAPI.swift in Sources */,
				F62C1948A394196C83300D72 /* PDFPreviewView.swift in Sources */,
				CB96D4EC6629E5F6CD037BD8 /* PDFRenderer.swift in Sources */,
				9DEA7FCEEF33A2ACC1D82CA6 /* PDFTemplates.swift in Sources */,
				141309C1CB8E5F9BC3B026BA /* CambiarEstadoClienteTool.swift in Sources */,
				F4C66DEF5D85EAC58B01AA70 /* ConsultarAlertasTool.swift in Sources */,
				FC2029F6DD001773CB206F3D /* ConsultarClientesTool.swift in Sources */,
				B52F8639E63419049C439C1F /* ConsultarGastosTool.swift in Sources */,
				CE4E8F4B42CAC9A4E5785F57 /* ConsultarTrabajosTool.swift in Sources */,
				6C33188F9EA710C38B68770A /* CrearClienteTool.swift in Sources */,
				163CA139EE79909E5BAA4ABF /* CrearDocumentoTool.swift in Sources */,
				D6FC87BD8E0315AC8D383B8F /* CrearEventoTool.swift in Sources */,
				8BC8D7CBF9CA50C3CE0BB198 /* CrearTrabajoTool.swift in Sources */,
				C494392DDD56FE75B5A37538 /* GaleriaClienteTools.swift in Sources */,
				4DC92B2FE1B829C1CE9ABD46 /* GenerarReporteTool.swift in Sources */,
				2ADED8CB43BD6A81FADEB2C5 /* GestionarEquipoTool.swift in Sources */,
				E628196BEC597E1E703CC57D /* GestionarQuincenaTool.swift in Sources */,
				6149BEEDB035C5F90CE6D5A5 /* GestionarUsuarioTool.swift in Sources */,
				D71ABEE1F351311EEE96FBCC /* MarcarAlertaLeidaTool.swift in Sources */,
				4D32585FB40699C1BA793084 /* MarcarTrabajoPagadoTool.swift in Sources */,
				DB76EF3A1907D1F4BEE55E51 /* RegistrarGastoTool.swift in Sources */,
				D9B021527C697A8E4BC61989 /* RegistrarPagoQuincenaTool.swift in Sources */,
				F1B1FD5100B51C037F238B5F /* ServicioGrupoMap.swift in Sources */,
				EC3617447E8154DA68742268 /* DesignSystem.swift in Sources */,
				EAAF3A63BB14AF394CAE8F97 /* Ingresos.swift in Sources */,
				F28609B92C560C59DA99381C /* QuincenaEngine.swift in Sources */,
				3AE504125F87E4AD848630F8 /* DashboardView.swift in Sources */,
				CA7D0ADF52ECAA67A5CCF214 /* RootView.swift in Sources */,
				B7569B9A572370D8D0D915E3 /* NuevoTrabajoView.swift in Sources */,
				B5722BE55D88076EA0635743 /* TrabajoDetailView.swift in Sources */,
				D698C5BFEE2A09EBBFABCD56 /* TrabajosListView.swift in Sources */,
				831A7066B0F64F0101EF1A1E /* NoktaWebView.swift in Sources */,
			);
			runOnlyForDeploymentPostprocessing = 0;
		};
		6328831100BFA1C9C3BE948D /* Sources */ = {
			isa = PBXSourcesBuildPhase;
			buildActionMask = 2147483647;
			files = (
				7A98018EB868FB65026A8ACD /* NoktaStudioApp.swift in Sources */,
				F6BE16DD9EC99473CF0C791E /* ConsultarAlertasIntent.swift in Sources */,
				80519CF00769BDC5D752CA4F /* ConsultarSaldoIntent.swift in Sources */,
				FF8F8EBE7F0ACF3E91F1DAFB /* MarcarTrabajoPagadoIntent.swift in Sources */,
				849295743207401CD8C57BB9 /* NoktaShortcuts.swift in Sources */,
				CE51D1AC41DF70BC4E4B95ED /* RegistrarGastoIntent.swift in Sources */,
				57878F9CA82066D9113BF487 /* RegistrarPagoQuincenaIntent.swift in Sources */,
				CE30A17E8698C99620B77EDA /* AssistantView.swift in Sources */,
				12D7B9B254871A690214CA3B /* AssistantViewModel.swift in Sources */,
				682BEC41C11C881169355152 /* CookieSync.swift in Sources */,
				18EF569F41F44BADCDED4A31 /* NoktaAPI.swift in Sources */,
				6C78A0D35DCE5A86FA9FFED9 /* PDFPreviewView.swift in Sources */,
				5DDD7214A9535ACF02462E24 /* PDFRenderer.swift in Sources */,
				F6D5F6F6281D509563426186 /* PDFTemplates.swift in Sources */,
				8FA68061F048E81B8C95CDC7 /* CambiarEstadoClienteTool.swift in Sources */,
				3101A6C0EE05DD174AD90DF9 /* ConsultarAlertasTool.swift in Sources */,
				8A8F98C80D50AEAC6A7740B3 /* ConsultarClientesTool.swift in Sources */,
				F91747BD90AFD417B43BAA74 /* ConsultarGastosTool.swift in Sources */,
				457DAAEAE16887EAD063E040 /* ConsultarTrabajosTool.swift in Sources */,
				1E8BE4F32987C3D874BBDB2C /* CrearClienteTool.swift in Sources */,
				896D2A03E36B3847E3F32BC5 /* CrearDocumentoTool.swift in Sources */,
				F26BE194915DBF04C5678416 /* CrearEventoTool.swift in Sources */,
				3E8792D938390336694D6091 /* CrearTrabajoTool.swift in Sources */,
				C7C00CBAF87DCA10A573800E /* GaleriaClienteTools.swift in Sources */,
				18F3DF0AE4F1C8060B3FB4B2 /* GenerarReporteTool.swift in Sources */,
				857E315FA2FE4190F8C5FF57 /* GestionarEquipoTool.swift in Sources */,
				E12884B66FB1EBD4F178532F /* GestionarQuincenaTool.swift in Sources */,
				AF25009093C0E635DEED03BB /* GestionarUsuarioTool.swift in Sources */,
				C209C1CE05D698A7C8558E45 /* MarcarAlertaLeidaTool.swift in Sources */,
				6DF34AEB02E3CF0BED461FDD /* MarcarTrabajoPagadoTool.swift in Sources */,
				8999649F3BD3506AF5455475 /* RegistrarGastoTool.swift in Sources */,
				2EA466B3640F392A4CF9C045 /* RegistrarPagoQuincenaTool.swift in Sources */,
				494107E3D498EA5D86E7852C /* ServicioGrupoMap.swift in Sources */,
				DFF256C3C42D973B6257D35D /* DesignSystem.swift in Sources */,
				53BE993D03FC5C8ACC4238FE /* Ingresos.swift in Sources */,
				83D5FF69F03D4C697ECB9E70 /* QuincenaEngine.swift in Sources */,
				5805B630C9630207E29320B4 /* DashboardView.swift in Sources */,
				87A0FACA3BA5E454FB360EA9 /* RootView.swift in Sources */,
				6768A10C9CCB501DA9B88204 /* NuevoTrabajoView.swift in Sources */,
				E8FC4CA34462C93A4FD4D837 /* TrabajoDetailView.swift in Sources */,
				5F8C68D10312DA9064113AF9 /* TrabajosListView.swift in Sources */,
				2AB4D63607EE84CB3E49151A /* NoktaWebView.swift in Sources */,
			);
			runOnlyForDeploymentPostprocessing = 0;
		};
/* End PBXSourcesBuildPhase section */

/* Begin XCBuildConfiguration section */
		CCFE68F1947C5D063DF40641 /* Debug */ = {
			isa = XCBuildConfiguration;
			buildSettings = {
				ALWAYS_SEARCH_USER_PATHS = NO;
				CLANG_ANALYZER_NONNULL = YES;
				CLANG_ENABLE_MODULES = YES;
				CLANG_ENABLE_OBJC_ARC = YES;
				CLANG_WARN_BOOL_CONVERSION = YES;
				CLANG_WARN_EMPTY_BODY = YES;
				CLANG_WARN_INFINITE_RECURSION = YES;
				COPY_PHASE_STRIP = NO;
				DEBUG_INFORMATION_FORMAT = dwarf;
				ENABLE_STRICT_OBJC_MSGSEND = YES;
				ENABLE_TESTABILITY = YES;
				GCC_C_LANGUAGE_STANDARD = gnu17;
				GCC_NO_COMMON_BLOCKS = YES;
				GCC_OPTIMIZATION_LEVEL = 0;
				GCC_PREPROCESSOR_DEFINITIONS = (
					"DEBUG=1",
					"$(inherited)",
				);
				MTL_ENABLE_DEBUG_INFO = INCLUDE_SOURCE;
				ONLY_ACTIVE_ARCH = YES;
				SWIFT_ACTIVE_COMPILATION_CONDITIONS = DEBUG;
				SWIFT_OPTIMIZATION_LEVEL = "-Onone";
				SWIFT_VERSION = 5.0;
			};
			name = Debug;
		};
		8A0169DC5052727658C47E06 /* Release */ = {
			isa = XCBuildConfiguration;
			buildSettings = {
				ALWAYS_SEARCH_USER_PATHS = NO;
				CLANG_ANALYZER_NONNULL = YES;
				CLANG_ENABLE_MODULES = YES;
				CLANG_ENABLE_OBJC_ARC = YES;
				COPY_PHASE_STRIP = NO;
				DEBUG_INFORMATION_FORMAT = "dwarf-with-dsym";
				ENABLE_NS_ASSERTIONS = NO;
				ENABLE_STRICT_OBJC_MSGSEND = YES;
				GCC_C_LANGUAGE_STANDARD = gnu17;
				GCC_NO_COMMON_BLOCKS = YES;
				MTL_ENABLE_DEBUG_INFO = NO;
				SWIFT_COMPILATION_MODE = wholemodule;
				SWIFT_OPTIMIZATION_LEVEL = "-Owholemodule";
				SWIFT_VERSION = 5.0;
			};
			name = Release;
		};
		EA360DEB381C44FDC209AFF5 /* Debug */ = {
			isa = XCBuildConfiguration;
			buildSettings = {
				ASSETCATALOG_COMPILER_APPICON_NAME = AppIcon;
				ASSETCATALOG_COMPILER_GLOBAL_ACCENT_COLOR_NAME = AccentColor;
				CODE_SIGN_STYLE = Automatic;
				DEVELOPMENT_TEAM = 3J4T38GS8V;
				CURRENT_PROJECT_VERSION = 1;
				ENABLE_PREVIEWS = YES;
				GENERATE_INFOPLIST_FILE = YES;
				INFOPLIST_KEY_UIApplicationSceneManifest_Generation = YES;
				INFOPLIST_KEY_UILaunchScreen_Generation = YES;
				INFOPLIST_KEY_UIStatusBarStyle = UIStatusBarStyleLightContent;
				INFOPLIST_KEY_UIViewControllerBasedStatusBarAppearance = NO;
				INFOPLIST_KEY_UISupportedInterfaceOrientations = UIInterfaceOrientationPortrait;
				INFOPLIST_KEY_UISupportedInterfaceOrientations_iPad = "UIInterfaceOrientationPortrait UIInterfaceOrientationPortraitUpsideDown UIInterfaceOrientationLandscapeLeft UIInterfaceOrientationLandscapeRight";
				IPHONEOS_DEPLOYMENT_TARGET = 27.0;
				LD_RUNPATH_SEARCH_PATHS = (
					"$(inherited)",
					"@executable_path/Frameworks",
				);
				MARKETING_VERSION = 1.0;
				PRODUCT_BUNDLE_IDENTIFIER = "com.noktastudio.admin.ios";
				PRODUCT_NAME = "NoktaStudio";
				INFOPLIST_KEY_CFBundleDisplayName = "Nokta Studio";
				SDKROOT = iphoneos;
				SUPPORTED_PLATFORMS = "iphoneos iphonesimulator";
				SUPPORTS_MACCATALYST = NO;
				SWIFT_EMIT_LOC_STRINGS = YES;
				TARGETED_DEVICE_FAMILY = "1,2";
			};
			name = Debug;
		};
		B7926C15FE36E4BA206F0B22 /* Release */ = {
			isa = XCBuildConfiguration;
			buildSettings = {
				ASSETCATALOG_COMPILER_APPICON_NAME = AppIcon;
				ASSETCATALOG_COMPILER_GLOBAL_ACCENT_COLOR_NAME = AccentColor;
				CODE_SIGN_STYLE = Automatic;
				DEVELOPMENT_TEAM = 3J4T38GS8V;
				CURRENT_PROJECT_VERSION = 1;
				ENABLE_PREVIEWS = YES;
				GENERATE_INFOPLIST_FILE = YES;
				INFOPLIST_KEY_UIApplicationSceneManifest_Generation = YES;
				INFOPLIST_KEY_UILaunchScreen_Generation = YES;
				INFOPLIST_KEY_UIStatusBarStyle = UIStatusBarStyleLightContent;
				INFOPLIST_KEY_UIViewControllerBasedStatusBarAppearance = NO;
				INFOPLIST_KEY_UISupportedInterfaceOrientations = UIInterfaceOrientationPortrait;
				INFOPLIST_KEY_UISupportedInterfaceOrientations_iPad = "UIInterfaceOrientationPortrait UIInterfaceOrientationPortraitUpsideDown UIInterfaceOrientationLandscapeLeft UIInterfaceOrientationLandscapeRight";
				IPHONEOS_DEPLOYMENT_TARGET = 27.0;
				LD_RUNPATH_SEARCH_PATHS = (
					"$(inherited)",
					"@executable_path/Frameworks",
				);
				MARKETING_VERSION = 1.0;
				PRODUCT_BUNDLE_IDENTIFIER = "com.noktastudio.admin.ios";
				PRODUCT_NAME = "NoktaStudio";
				INFOPLIST_KEY_CFBundleDisplayName = "Nokta Studio";
				SDKROOT = iphoneos;
				SUPPORTED_PLATFORMS = "iphoneos iphonesimulator";
				SUPPORTS_MACCATALYST = NO;
				SWIFT_EMIT_LOC_STRINGS = YES;
				TARGETED_DEVICE_FAMILY = "1,2";
			};
			name = Release;
		};
		ED4AD1CFB1E1C2321CC114C2 /* Debug */ = {
			isa = XCBuildConfiguration;
			buildSettings = {
				ASSETCATALOG_COMPILER_APPICON_NAME = AppIcon;
				ASSETCATALOG_COMPILER_GLOBAL_ACCENT_COLOR_NAME = AccentColor;
				CODE_SIGN_STYLE = Automatic;
				DEVELOPMENT_TEAM = 3J4T38GS8V;
				COMBINE_HIDPI_IMAGES = YES;
				CURRENT_PROJECT_VERSION = 1;
				ENABLE_HARDENED_RUNTIME = YES;
				ENABLE_PREVIEWS = YES;
				GENERATE_INFOPLIST_FILE = YES;
				INFOPLIST_KEY_NSHumanReadableCopyright = "";
				LD_RUNPATH_SEARCH_PATHS = (
					"$(inherited)",
					"@executable_path/../Frameworks",
				);
				MACOSX_DEPLOYMENT_TARGET = 27.0;
				MARKETING_VERSION = 1.0;
				PRODUCT_BUNDLE_IDENTIFIER = "com.noktastudio.admin.mac";
				PRODUCT_NAME = "NoktaStudio";
				INFOPLIST_KEY_CFBundleDisplayName = "Nokta Studio";
				SDKROOT = macosx;
				SWIFT_EMIT_LOC_STRINGS = YES;
			};
			name = Debug;
		};
		474802A97818766814CC82D0 /* Release */ = {
			isa = XCBuildConfiguration;
			buildSettings = {
				ASSETCATALOG_COMPILER_APPICON_NAME = AppIcon;
				ASSETCATALOG_COMPILER_GLOBAL_ACCENT_COLOR_NAME = AccentColor;
				CODE_SIGN_STYLE = Automatic;
				DEVELOPMENT_TEAM = 3J4T38GS8V;
				COMBINE_HIDPI_IMAGES = YES;
				CURRENT_PROJECT_VERSION = 1;
				ENABLE_HARDENED_RUNTIME = YES;
				ENABLE_PREVIEWS = YES;
				GENERATE_INFOPLIST_FILE = YES;
				INFOPLIST_KEY_NSHumanReadableCopyright = "";
				LD_RUNPATH_SEARCH_PATHS = (
					"$(inherited)",
					"@executable_path/../Frameworks",
				);
				MACOSX_DEPLOYMENT_TARGET = 27.0;
				MARKETING_VERSION = 1.0;
				PRODUCT_BUNDLE_IDENTIFIER = "com.noktastudio.admin.mac";
				PRODUCT_NAME = "NoktaStudio";
				INFOPLIST_KEY_CFBundleDisplayName = "Nokta Studio";
				SDKROOT = macosx;
				SWIFT_EMIT_LOC_STRINGS = YES;
			};
			name = Release;
		};
/* End XCBuildConfiguration section */

/* Begin XCConfigurationList section */
		781E9F961BB31332B4D61478 /* Build configuration list for PBXProject "NoktaStudio" */ = {
			isa = XCConfigurationList;
			buildConfigurations = (
				CCFE68F1947C5D063DF40641 /* Debug */,
				8A0169DC5052727658C47E06 /* Release */,
			);
			defaultConfigurationIsVisible = 0;
			defaultConfigurationName = Release;
		};
		4EA4478716AABBA0CE681724 /* Build configuration list for PBXNativeTarget "NoktaStudio-iOS" */ = {
			isa = XCConfigurationList;
			buildConfigurations = (
				EA360DEB381C44FDC209AFF5 /* Debug */,
				B7926C15FE36E4BA206F0B22 /* Release */,
			);
			defaultConfigurationIsVisible = 0;
			defaultConfigurationName = Release;
		};
		47868AD71ED707EE723B4CD5 /* Build configuration list for PBXNativeTarget "NoktaStudio-macOS" */ = {
			isa = XCConfigurationList;
			buildConfigurations = (
				ED4AD1CFB1E1C2321CC114C2 /* Debug */,
				474802A97818766814CC82D0 /* Release */,
			);
			defaultConfigurationIsVisible = 0;
			defaultConfigurationName = Release;
		};
/* End XCConfigurationList section */
	};
	rootObject = 98F54143AB4E86B28C3AFEE0 /* Project object */;
}
